
Microsoft Visual Studio Solution File, Format Version 12.00
# Visual Studio Version 16
VisualStudioVersion = 16.0.810.6
MinimumVisualStudioVersion = 10.0.40219.1
Project("{FAE04EC0-301F-11D3-BF4B-00C04F79EFBC}") = "C21_Ex2", "C21_Ex2\C21_Ex2.csproj", "{AB944CEA-774F-4895-972C-56BBF52657F8}"
EndProject
Global
	GlobalSection(SolutionConfigurationPlatforms) = preSolution
		Debug|anycpu = Debug|anycpu
		Release|anycpu = Release|anycpu
	EndGlobalSection
	GlobalSection(ProjectConfigurationPlatforms) = postSolution
		{AB944CEA-774F-4895-972C-56BBF52657F8}.Debug|anycpu.ActiveCfg = Debug|anycpu
		{AB944CEA-774F-4895-972C-56BBF52657F8}.Debug|anycpu.Build.0 = Debug|anycpu
		{AB944CEA-774F-4895-972C-56BBF52657F8}.Release|anycpu.ActiveCfg = Release|anycpu
		{AB944CEA-774F-4895-972C-56BBF52657F8}.Release|anycpu.Build.0 = Release|anycpu
	EndGlobalSection
	GlobalSection(SolutionProperties) = preSolution
		HideSolutionNode = FALSE
	EndGlobalSection
	GlobalSection(ExtensibilityGlobals) = postSolution
		SolutionGuid = {9AB4AFFC-617D-4498-9523-2DD30687B1C7}
	EndGlobalSection
EndGlobal
